// !$*UTF8*$!
{
	archiveVersion = 1;
	classes = {
	};
	objectVersion = 50;
	objects = {

/* Begin PBXBuildFile section */
		1ADEAB1A246B9DF600BAD3DE /* AppDelegate.swift in Sources */ = {isa = PBXBuildFile; fileRef = 1ADEAB19246B9DF600BAD3DE /* AppDelegate.swift */; };
		1ADEAB1C246B9DF600BAD3DE /* SceneDelegate.swift in Sources */ = {isa = PBXBuildFile; fileRef = 1ADEAB1B246B9DF600BAD3DE /* SceneDelegate.swift */; };
		1ADEAB1E246B9DF600BAD3DE /* ViewController.swift in Sources */ = {isa = PBXBuildFile; fileRef = 1ADEAB1D246B9DF600BAD3DE /* ViewController.swift */; };
		1ADEAB21246B9DF600BAD3DE /* Main.storyboard in Resources */ = {isa = PBXBuildFile; fileRef = 1ADEAB1F246B9DF600BAD3DE /* Main.storyboard */; };
		1ADEAB23246B9DF700BAD3DE /* Assets.xcassets in Resources */ = {isa = PBXBuildFile; fileRef = 1ADEAB22246B9DF700BAD3DE /* Assets.xcassets */; };
		1ADEAB26246B9DF700BAD3DE /* LaunchScreen.storyboard in Resources */ = {isa = PBXBuildFile; fileRef = 1ADEAB24246B9DF700BAD3DE /* LaunchScreen.storyboard */; };
		1ADEAB31246B9DF700BAD3DE /* testRestorationTests.swift in Sources */ = {isa = PBXBuildFile; fileRef = 1ADEAB30246B9DF700BAD3DE /* testRestorationTests.swift */; };
		1ADEAB3C246B9DF700BAD3DE /* testRestorationUITests.swift in Sources */ = {isa = PBXBuildFile; fileRef = 1ADEAB3B246B9DF700BAD3DE /* testRestorationUITests.swift */; };
/* End PBXBuildFile section */

/* Begin PBXContainerItemProxy section */
		1ADEAB2D246B9DF700BAD3DE /* PBXContainerItemProxy */ = {
			isa = PBXContainerItemProxy;
			containerPortal = 1ADEAB0E246B9DF600BAD3DE /* Project object */;
			proxyType = 1;
			remoteGlobalIDString = 1ADEAB15246B9DF600BAD3DE;
			remoteInfo = testRestoration;
		};
		1ADEAB38246B9DF700BAD3DE /* PBXContainerItemProxy */ = {
			isa = PBXContainerItemProxy;
			containerPortal = 1ADEAB0E246B9DF600BAD3DE /* Project object */;
			proxyType = 1;
			remoteGlobalIDString = 1ADEAB15246B9DF600BAD3DE;
			remoteInfo = testRestoration;
		};
/* End PBXContainerItemProxy section */

/* Begin PBXFileReference section */
		1ADEAB16246B9DF600BAD3DE /* testRestoration.app */ = {isa = PBXFileReference; explicitFileType = wrapper.application; includeInIndex = 0; path = testRestoration.app; sourceTree = BUILT_PRODUCTS_DIR; };
		1ADEAB19246B9DF600BAD3DE /* AppDelegate.swift */ = {isa = PBXFileReference; lastKnownFileType = sourcecode.swift; path = AppDelegate.swift; sourceTree = "<group>"; };
		1ADEAB1B246B9DF600BAD3DE /* SceneDelegate.swift */ = {isa = PBXFileReference; lastKnownFileType = sourcecode.swift; path = SceneDelegate.swift; sourceTree = "<group>"; };
		1ADEAB1D246B9DF600BAD3DE /* ViewController.swift */ = {isa = PBXFileReference; lastKnownFileType = sourcecode.swift; path = ViewController.swift; sourceTree = "<group>"; };
		1ADEAB20246B9DF600BAD3DE /* Base */ = {isa = PBXFileReference; lastKnownFileType = file.storyboard; name = Base; path = Base.lproj/Main.storyboard; sourceTree = "<group>"; };
		1ADEAB22246B9DF700BAD3DE /* Assets.xcassets */ = {isa = PBXFileReference; lastKnownFileType = folder.assetcatalog; path = Assets.xcassets; sourceTree = "<group>"; };
		1ADEAB25246B9DF700BAD3DE /* Base */ = {isa = PBXFileReference; lastKnownFileType = file.storyboard; name = Base; path = Base.lproj/LaunchScreen.storyboard; sourceTree = "<group>"; };
		1ADEAB27246B9DF700BAD3DE /* Info.plist */ = {isa = PBXFileReference; lastKnownFileType = text.plist.xml; path = Info.plist; sourceTree = "<group>"; };
		1ADEAB2C246B9DF700BAD3DE /* testRestorationTests.xctest */ = {isa = PBXFileReference; explicitFileType = wrapper.cfbundle; includeInIndex = 0; path = testRestorationTests.xctest; sourceTree = BUILT_PRODUCTS_DIR; };
		1ADEAB30246B9DF700BAD3DE /* testRestorationTests.swift */ = {isa = PBXFileReference; lastKnownFileType = sourcecode.swift; path = testRestorationTests.swift; sourceTree = "<group>"; };
		1ADEAB32246B9DF700BAD3DE /* Info.plist */ = {isa = PBXFileReference; lastKnownFileType = text.plist.xml; path = Info.plist; sourceTree = "<group>"; };
		1ADEAB37246B9DF700BAD3DE /* testRestorationUITests.xctest */ = {isa = PBXFileReference; explicitFileType = wrapper.cfbundle; includeInIndex = 0; path = testRestorationUITests.xctest; sourceTree = BUILT_PRODUCTS_DIR; };
		1ADEAB3B246B9DF700BAD3DE /* testRestorationUITests.swift */ = {isa = PBXFileReference; lastKnownFileType = sourcecode.swift; path = testRestorationUITests.swift; sourceTree = "<group>"; };
		1ADEAB3D246B9DF700BAD3DE /* Info.plist */ = {isa = PBXFileReference; lastKnownFileType = text.plist.xml; path = Info.plist; sourceTree = "<group>"; };
/* End PBXFileReference section */

/* Begin PBXFrameworksBuildPhase section */
		1ADEAB13246B9DF600BAD3DE /* Frameworks */ = {
			isa = PBXFrameworksBuildPhase;
			buildActionMask = 2147483647;
			files = (
			);
			runOnlyForDeploymentPostprocessing = 0;
		};
		1ADEAB29246B9DF700BAD3DE /* Frameworks */ = {
			isa = PBXFrameworksBuildPhase;
			buildActionMask = 2147483647;
			files = (
			);
			runOnlyForDeploymentPostprocessing = 0;
		};
		1ADEAB34246B9DF700BAD3DE /* Frameworks */ = {
			isa = PBXFrameworksBuildPhase;
			buildActionMask = 2147483647;
			files = (
			);
			runOnlyForDeploymentPostprocessing = 0;
		};
/* End PBXFrameworksBuildPhase section */

/* Begin PBXGroup section */
		1ADEAB0D246B9DF600BAD3DE = {
			isa = PBXGroup;
			children = (
				1ADEAB18246B9DF600BAD3DE /* testRestoration */,
				1ADEAB2F246B9DF700BAD3DE /* testRestorationTests */,
				1ADEAB3A246B9DF700BAD3DE /* testRestorationUITests */,
				1ADEAB17246B9DF600BAD3DE /* Products */,
			);
			sourceTree = "<group>";
		};
		1ADEAB17246B9DF600BAD3DE /* Products */ = {
			isa = PBXGroup;
			children = (
				1ADEAB16246B9DF600BAD3DE /* testRestoration.app */,
				1ADEAB2C246B9DF700BAD3DE /* testRestorationTests.xctest */,
				1ADEAB37246B9DF700BAD3DE /* testRestorationUITests.xctest */,
			);
			name = Products;
			sourceTree = "<group>";
		};
		1ADEAB18246B9DF600BAD3DE /* testRestoration */ = {
			isa = PBXGroup;
			children = (
				1ADEAB19246B9DF600BAD3DE /* AppDelegate.swift */,
				1ADEAB1B246B9DF600BAD3DE /* SceneDelegate.swift */,
				1ADEAB1D246B9DF600BAD3DE /* ViewController.swift */,
				1ADEAB1F246B9DF600BAD3DE /* Main.storyboard */,
				1ADEAB22246B9DF700BAD3DE /* Assets.xcassets */,
				1ADEAB24246B9DF700BAD3DE /* LaunchScreen.storyboard */,
				1ADEAB27246B9DF700BAD3DE /* Info.plist */,
			);
			path = testRestoration;
			sourceTree = "<group>";
		};
		1ADEAB2F246B9DF700BAD3DE /* testRestorationTests */ = {
			isa = PBXGroup;
			children = (
				1ADEAB30246B9DF700BAD3DE /* testRestorationTests.swift */,
				1ADEAB32246B9DF700BAD3DE /* Info.plist */,
			);
			path = testRestorationTests;
			sourceTree = "<group>";
		};
		1ADEAB3A246B9DF700BAD3DE /* testRestorationUITests */ = {
			isa = PBXGroup;
			children = (
				1ADEAB3B246B9DF700BAD3DE /* testRestorationUITests.swift */,
				1ADEAB3D246B9DF700BAD3DE /* Info.plist */,
			);
			path = testRestorationUITests;
			sourceTree = "<group>";
		};
/* End PBXGroup section */

/* Begin PBXNativeTarget section */
		1ADEAB15246B9DF600BAD3DE /* testRestoration */ = {
			isa = PBXNativeTarget;
			buildConfigurationList = 1ADEAB40246B9DF700BAD3DE /* Build configuration list for PBXNativeTarget "testRestoration" */;
			buildPhases = (
				1ADEAB12246B9DF600BAD3DE /* Sources */,
				1ADEAB13246B9DF600BAD3DE /* Frameworks */,
				1ADEAB14246B9DF600BAD3DE /* Resources */,
			);
			buildRules = (
			);
			dependencies = (
			);
			name = testRestoration;
			productName = testRestoration;
			productReference = 1ADEAB16246B9DF600BAD3DE /* testRestoration.app */;
			productType = "com.apple.product-type.application";
		};
		1ADEAB2B246B9DF700BAD3DE /* testRestorationTests */ = {
			isa = PBXNativeTarget;
			buildConfigurationList = 1ADEAB43246B9DF700BAD3DE /* Build configuration list for PBXNativeTarget "testRestorationTests" */;
			buildPhases = (
				1ADEAB28246B9DF700BAD3DE /* Sources */,
				1ADEAB29246B9DF700BAD3DE /* Frameworks */,
				1ADEAB2A246B9DF700BAD3DE /* Resources */,
			);
			buildRules = (
			);
			dependencies = (
				1ADEAB2E246B9DF700BAD3DE /* PBXTargetDependency */,
			);
			name = testRestorationTests;
			productName = testRestorationTests;
			productReference = 1ADEAB2C246B9DF700BAD3DE /* testRestorationTests.xctest */;
			productType = "com.apple.product-type.bundle.unit-test";
		};
		1ADEAB36246B9DF700BAD3DE /* testRestorationUITests */ = {
			isa = PBXNativeTarget;
			buildConfigurationList = 1ADEAB46246B9DF700BAD3DE /* Build configuration list for PBXNativeTarget "testRestorationUITests" */;
			buildPhases = (
				1ADEAB33246B9DF700BAD3DE /* Sources */,
				1ADEAB34246B9DF700BAD3DE /* Frameworks */,
				1ADEAB35246B9DF700BAD3DE /* Resources */,
			);
			buildRules = (
			);
			dependencies = (
				1ADEAB39246B9DF700BAD3DE /* PBXTargetDependency */,
			);
			name = testRestorationUITests;
			productName = testRestorationUITests;
			productReference = 1ADEAB37246B9DF700BAD3DE /* testRestorationUITests.xctest */;
			productType = "com.apple.product-type.bundle.ui-testing";
		};
/* End PBXNativeTarget section */

/* Begin PBXProject section */
		1ADEAB0E246B9DF600BAD3DE /* Project object */ = {
			isa = PBXProject;
			attributes = {
				LastSwiftUpdateCheck = 1140;
				LastUpgradeCheck = 1140;
				ORGANIZATIONNAME = "James Tang";
				TargetAttributes = {
					1ADEAB15246B9DF600BAD3DE = {
						CreatedOnToolsVersion = 11.4;
					};
					1ADEAB2B246B9DF700BAD3DE = {
						CreatedOnToolsVersion = 11.4;
						TestTargetID = 1ADEAB15246B9DF600BAD3DE;
					};
					1ADEAB36246B9DF700BAD3DE = {
						CreatedOnToolsVersion = 11.4;
						TestTargetID = 1ADEAB15246B9DF600BAD3DE;
					};
				};
			};
			buildConfigurationList = 1ADEAB11246B9DF600BAD3DE /* Build configuration list for PBXProject "testRestoration" */;
			compatibilityVersion = "Xcode 9.3";
			developmentRegion = en;
			hasScannedForEncodings = 0;
			knownRegions = (
				en,
				Base,
			);
			mainGroup = 1ADEAB0D246B9DF600BAD3DE;
			productRefGroup = 1ADEAB17246B9DF600BAD3DE /* Products */;
			projectDirPath = "";
			projectRoot = "";
			targets = (
				1ADEAB15246B9DF600BAD3DE /* testRestoration */,
				1ADEAB2B246B9DF700BAD3DE /* testRestorationTests */,
				1ADEAB36246B9DF700BAD3DE /* testRestorationUITests */,
			);
		};
/* End PBXProject section */

/* Begin PBXResourcesBuildPhase section */
		1ADEAB14246B9DF600BAD3DE /* Resources */ = {
			isa = PBXResourcesBuildPhase;
			buildActionMask = 2147483647;
			files = (
				1ADEAB26246B9DF700BAD3DE /* LaunchScreen.storyboard in Resources */,
				1ADEAB23246B9DF700BAD3DE /* Assets.xcassets in Resources */,
				1ADEAB21246B9DF600BAD3DE /* Main.storyboard in Resources */,
			);
			runOnlyForDeploymentPostprocessing = 0;
		};
		1ADEAB2A246B9DF700BAD3DE /* Resources */ = {
			isa = PBXResourcesBuildPhase;
			buildActionMask = 2147483647;
			files = (
			);
			runOnlyForDeploymentPostprocessing = 0;
		};
		1ADEAB35246B9DF700BAD3DE /* Resources */ = {
			isa = PBXResourcesBuildPhase;
			buildActionMask = 2147483647;
			files = (
			);
			runOnlyForDeploymentPostprocessing = 0;
		};
/* End PBXResourcesBuildPhase section */

/* Begin PBXSourcesBuildPhase section */
		1ADEAB12246B9DF600BAD3DE /* Sources */ = {
			isa = PBXSourcesBuildPhase;
			buildActionMask = 2147483647;
			files = (
				1ADEAB1E246B9DF600BAD3DE /* ViewController.swift in Sources */,
				1ADEAB1A246B9DF600BAD3DE /* AppDelegate.swift in Sources */,
				1ADEAB1C246B9DF600BAD3DE /* SceneDelegate.swift in Sources */,
			);
			runOnlyForDeploymentPostprocessing = 0;
		};
		1ADEAB28246B9DF700BAD3DE /* Sources */ = {
			isa = PBXSourcesBuildPhase;
			buildActionMask = 2147483647;
			files = (
				1ADEAB31246B9DF700BAD3DE /* testRestorationTests.swift in Sources */,
			);
			runOnlyForDeploymentPostprocessing = 0;
		};
		1ADEAB33246B9DF700BAD3DE /* Sources */ = {
			isa = PBXSourcesBuildPhase;
			buildActionMask = 2147483647;
			files = (
				1ADEAB3C246B9DF700BAD3DE /* testRestorationUITests.swift in Sources */,
			);
			runOnlyForDeploymentPostprocessing = 0;
		};
/* End PBXSourcesBuildPhase section */

/* Begin PBXTargetDependency section */
		1ADEAB2E246B9DF700BAD3DE /* PBXTargetDependency */ = {
			isa = PBXTargetDependency;
			target = 1ADEAB15246B9DF600BAD3DE /* testRestoration */;
			targetProxy = 1ADEAB2D246B9DF700BAD3DE /* PBXContainerItemProxy */;
		};
		1ADEAB39246B9DF700BAD3DE /* PBXTargetDependency */ = {
			isa = PBXTargetDependency;
			target = 1ADEAB15246B9DF600BAD3DE /* testRestoration */;
			targetProxy = 1ADEAB38246B9DF700BAD3DE /* PBXContainerItemProxy */;
		};
/* End PBXTargetDependency section */

/* Begin PBXVariantGroup section */
		1ADEAB1F246B9DF600BAD3DE /* Main.storyboard */ = {
			isa = PBXVariantGroup;
			children = (
				1ADEAB20246B9DF600BAD3DE /* Base */,
			);
			name = Main.storyboard;
			sourceTree = "<group>";
		};
		1ADEAB24246B9DF700BAD3DE /* LaunchScreen.storyboard */ = {
			isa = PBXVariantGroup;
			children = (
				1ADEAB25246B9DF700BAD3DE /* Base */,
			);
			name = LaunchScreen.storyboard;
			sourceTree = "<group>";
		};
/* End PBXVariantGroup section */

/* Begin XCBuildConfiguration section */
		1ADEAB3E246B9DF700BAD3DE /* Debug */ = {
			isa = XCBuildConfiguration;
			buildSettings = {
				ALWAYS_SEARCH_USER_PATHS = NO;
				CLANG_ANALYZER_NONNULL = YES;
				CLANG_ANALYZER_NUMBER_OBJECT_CONVERSION = YES_AGGRESSIVE;
				CLANG_CXX_LANGUAGE_STANDARD = "gnu++14";
				CLANG_CXX_LIBRARY = "libc++";
				CLANG_ENABLE_MODULES = YES;
				CLANG_ENABLE_OBJC_ARC = YES;
				CLANG_ENABLE_OBJC_WEAK = YES;
				CLANG_WARN_BLOCK_CAPTURE_AUTORELEASING = YES;
				CLANG_WARN_BOOL_CONVERSION = YES;
				CLANG_WARN_COMMA = YES;
				CLANG_WARN_CONSTANT_CONVERSION = YES;
				CLANG_WARN_DEPRECATED_OBJC_IMPLEMENTATIONS = YES;
				CLANG_WARN_DIRECT_OBJC_ISA_USAGE = YES_ERROR;
				CLANG_WARN_DOCUMENTATION_COMMENTS = YES;
				CLANG_WARN_EMPTY_BODY = YES;
				CLANG_WARN_ENUM_CONVERSION = YES;
				CLANG_WARN_INFINITE_RECURSION = YES;
				CLANG_WARN_INT_CONVERSION = YES;
				CLANG_WARN_NON_LITERAL_NULL_CONVERSION = YES;
				CLANG_WARN_OBJC_IMPLICIT_RETAIN_SELF = YES;
				CLANG_WARN_OBJC_LITERAL_CONVERSION = YES;
				CLANG_WARN_OBJC_ROOT_CLASS = YES_ERROR;
				CLANG_WARN_RANGE_LOOP_ANALYSIS = YES;
				CLANG_WARN_STRICT_PROTOTYPES = YES;
				CLANG_WARN_SUSPICIOUS_MOVE = YES;
				CLANG_WARN_UNGUARDED_AVAILABILITY = YES_AGGRESSIVE;
				CLANG_WARN_UNREACHABLE_CODE = YES;
				CLANG_WARN__DUPLICATE_METHOD_MATCH = YES;
				COPY_PHASE_STRIP = NO;
				DEBUG_INFORMATION_FORMAT = dwarf;
				ENABLE_STRICT_OBJC_MSGSEND = YES;
				ENABLE_TESTABILITY = YES;
				GCC_C_LANGUAGE_STANDARD = gnu11;
				GCC_DYNAMIC_NO_PIC = NO;
				GCC_NO_COMMON_BLOCKS = YES;
				GCC_OPTIMIZATION_LEVEL = 0;
				GCC_PREPROCESSOR_DEFINITIONS = (
					"DEBUG=1",
					"$(inherited)",
				);
				GCC_WARN_64_TO_32_BIT_CONVERSION = YES;
				GCC_WARN_ABOUT_RETURN_TYPE = YES_ERROR;
				GCC_WARN_UNDECLARED_SELECTOR = YES;
				GCC_WARN_UNINITIALIZED_AUTOS = YES_AGGRESSIVE;
				GCC_WARN_UNUSED_FUNCTION = YES;
				GCC_WARN_UNUSED_VARIABLE = YES;
				IPHONEOS_DEPLOYMENT_TARGET = 13.4;
				MTL_ENABLE_DEBUG_INFO = INCLUDE_SOURCE;
				MTL_FAST_MATH = YES;
				ONLY_ACTIVE_ARCH = YES;
				SDKROOT = iphoneos;
				SWIFT_ACTIVE_COMPILATION_CONDITIONS = DEBUG;
				SWIFT_OPTIMIZATION_LEVEL = "-Onone";
			};
			name = Debug;
		};
		1ADEAB3F246B9DF700BAD3DE /* Release */ = {
			isa = XCBuildConfiguration;
			buildSettings = {
				ALWAYS_SEARCH_USER_PATHS = NO;
				CLANG_ANALYZER_NONNULL = YES;
				CLANG_ANALYZER_NUMBER_OBJECT_CONVERSION = YES_AGGRESSIVE;
				CLANG_CXX_LANGUAGE_STANDARD = "gnu++14";
				CLANG_CXX_LIBRARY = "libc++";
				CLANG_ENABLE_MODULES = YES;
				CLANG_ENABLE_OBJC_ARC = YES;
				CLANG_ENABLE_OBJC_WEAK = YES;
				CLANG_WARN_BLOCK_CAPTURE_AUTORELEASING = YES;
				CLANG_WARN_BOOL_CONVERSION = YES;
				CLANG_WARN_COMMA = YES;
				CLANG_WARN_CONSTANT_CONVERSION = YES;
				CLANG_WARN_DEPRECATED_OBJC_IMPLEMENTATIONS = YES;
				CLANG_WARN_DIRECT_OBJC_ISA_USAGE = YES_ERROR;
				CLANG_WARN_DOCUMENTATION_COMMENTS = YES;
				CLANG_WARN_EMPTY_BODY = YES;
				CLANG_WARN_ENUM_CONVERSION = YES;
				CLANG_WARN_INFINITE_RECURSION = YES;
				CLANG_WARN_INT_CONVERSION = YES;
				CLANG_WARN_NON_LITERAL_NULL_CONVERSION = YES;
				CLANG_WARN_OBJC_IMPLICIT_RETAIN_SELF = YES;
				CLANG_WARN_OBJC_LITERAL_CONVERSION = YES;
				CLANG_WARN_OBJC_ROOT_CLASS = YES_ERROR;
				CLANG_WARN_RANGE_LOOP_ANALYSIS = YES;
				CLANG_WARN_STRICT_PROTOTYPES = YES;
				CLANG_WARN_SUSPICIOUS_MOVE = YES;
				CLANG_WARN_UNGUARDED_AVAILABILITY = YES_AGGRESSIVE;
				CLANG_WARN_UNREACHABLE_CODE = YES;
				CLANG_WARN__DUPLICATE_METHOD_MATCH = YES;
				COPY_PHASE_STRIP = NO;
				DEBUG_INFORMATION_FORMAT = "dwarf-with-dsym";
				ENABLE_NS_ASSERTIONS = NO;
				ENABLE_STRICT_OBJC_MSGSEND = YES;
				GCC_C_LANGUAGE_STANDARD = gnu11;
				GCC_NO_COMMON_BLOCKS = YES;
				GCC_WARN_64_TO_32_BIT_CONVERSION = YES;
				GCC_WARN_ABOUT_RETURN_TYPE = YES_ERROR;
				GCC_WARN_UNDECLARED_SELECTOR = YES;
				GCC_WARN_UNINITIALIZED_AUTOS = YES_AGGRESSIVE;
				GCC_WARN_UNUSED_FUNCTION = YES;
				GCC_WARN_UNUSED_VARIABLE = YES;
				IPHONEOS_DEPLOYMENT_TARGET = 13.4;
				MTL_ENABLE_DEBUG_INFO = NO;
				MTL_FAST_MATH = YES;
				SDKROOT = iphoneos;
				SWIFT_COMPILATION_MODE = wholemodule;
				SWIFT_OPTIMIZATION_LEVEL = "-O";
				VALIDATE_PRODUCT = YES;
			};
			name = Release;
		};
		1ADEAB41246B9DF700BAD3DE /* Debug */ = {
			isa = XCBuildConfiguration;
			buildSettings = {
				ASSETCATALOG_COMPILER_APPICON_NAME = AppIcon;
				CODE_SIGN_STYLE = Automatic;
				DEVELOPMENT_TEAM = H5BVQ8XRL4;
				INFOPLIST_FILE = testRestoration/Info.plist;
				LD_RUNPATH_SEARCH_PATHS = (
					"$(inherited)",
					"@executable_path/Frameworks",
				);
				PRODUCT_BUNDLE_IDENTIFIER = com.goodnotes.testRestoration;
				PRODUCT_NAME = "$(TARGET_NAME)";
				SWIFT_VERSION = 5.0;
				TARGETED_DEVICE_FAMILY = "1,2";
			};
			name = Debug;
		};
		1ADEAB42246B9DF700BAD3DE /* Release */ = {
			isa = XCBuildConfiguration;
			buildSettings = {
				ASSETCATALOG_COMPILER_APPICON_NAME = AppIcon;
				CODE_SIGN_STYLE = Automatic;
				DEVELOPMENT_TEAM = H5BVQ8XRL4;
				INFOPLIST_FILE = testRestoration/Info.plist;
				LD_RUNPATH_SEARCH_PATHS = (
					"$(inherited)",
					"@executable_path/Frameworks",
				);
				PRODUCT_BUNDLE_IDENTIFIER = com.goodnotes.testRestoration;
				PRODUCT_NAME = "$(TARGET_NAME)";
				SWIFT_VERSION = 5.0;
				TARGETED_DEVICE_FAMILY = "1,2";
			};
			name = Release;
		};
		1ADEAB44246B9DF700BAD3DE /* Debug */ = {
			isa = XCBuildConfiguration;
			buildSettings = {
				ALWAYS_EMBED_SWIFT_STANDARD_LIBRARIES = YES;
				BUNDLE_LOADER = "$(TEST_HOST)";
				CODE_SIGN_STYLE = Automatic;
				DEVELOPMENT_TEAM = H5BVQ8XRL4;
				INFOPLIST_FILE = testRestorationTests/Info.plist;
				IPHONEOS_DEPLOYMENT_TARGET = 13.4;
				LD_RUNPATH_SEARCH_PATHS = (
					"$(inherited)",
					"@executable_path/Frameworks",
					"@loader_path/Frameworks",
				);
				PRODUCT_BUNDLE_IDENTIFIER = com.goodnotes.testRestorationTests;
				PRODUCT_NAME = "$(TARGET_NAME)";
				SWIFT_VERSION = 5.0;
				TARGETED_DEVICE_FAMILY = "1,2";
				TEST_HOST = "$(BUILT_PRODUCTS_DIR)/testRestoration.app/testRestoration";
			};
			name = Debug;
		};
		1ADEAB45246B9DF700BAD3DE /* Release */ = {
			isa = XCBuildConfiguration;
			buildSettings = {
				ALWAYS_EMBED_SWIFT_STANDARD_LIBRARIES = YES;
				BUNDLE_LOADER = "$(TEST_HOST)";
				CODE_SIGN_STYLE = Automatic;
				DEVELOPMENT_TEAM = H5BVQ8XRL4;
				INFOPLIST_FILE = testRestorationTests/Info.plist;
				IPHONEOS_DEPLOYMENT_TARGET = 13.4;
				LD_RUNPATH_SEARCH_PATHS = (
					"$(inherited)",
					"@executable_path/Frameworks",
					"@loader_path/Frameworks",
				);
				PRODUCT_BUNDLE_IDENTIFIER = com.goodnotes.testRestorationTests;
				PRODUCT_NAME = "$(TARGET_NAME)";
				SWIFT_VERSION = 5.0;
				TARGETED_DEVICE_FAMILY = "1,2";
				TEST_HOST = "$(BUILT_PRODUCTS_DIR)/testRestoration.app/testRestoration";
			};
			name = Release;
		};
		1ADEAB47246B9DF700BAD3DE /* Debug */ = {
			isa = XCBuildConfiguration;
			buildSettings = {
				ALWAYS_EMBED_SWIFT_STANDARD_LIBRARIES = YES;
				CODE_SIGN_STYLE = Automatic;
				DEVELOPMENT_TEAM = H5BVQ8XRL4;
				INFOPLIST_FILE = testRestorationUITests/Info.plist;
				LD_RUNPATH_SEARCH_PATHS = (
					"$(inherited)",
					"@executable_path/Frameworks",
					"@loader_path/Frameworks",
				);
				PRODUCT_BUNDLE_IDENTIFIER = com.goodnotes.testRestorationUITests;
				PRODUCT_NAME = "$(TARGET_NAME)";
				SWIFT_VERSION = 5.0;
				TARGETED_DEVICE_FAMILY = "1,2";
				TEST_TARGET_NAME = testRestoration;
			};
			name = Debug;
		};
		1ADEAB48246B9DF700BAD3DE /* Release */ = {
			isa = XCBuildConfiguration;
			buildSettings = {
				ALWAYS_EMBED_SWIFT_STANDARD_LIBRARIES = YES;
				CODE_SIGN_STYLE = Automatic;
				DEVELOPMENT_TEAM = H5BVQ8XRL4;
				INFOPLIST_FILE = testRestorationUITests/Info.plist;
				LD_RUNPATH_SEARCH_PATHS = (
					"$(inherited)",
					"@executable_path/Frameworks",
					"@loader_path/Frameworks",
				);
				PRODUCT_BUNDLE_IDENTIFIER = com.goodnotes.testRestorationUITests;
				PRODUCT_NAME = "$(TARGET_NAME)";
				SWIFT_VERSION = 5.0;
				TARGETED_DEVICE_FAMILY = "1,2";
				TEST_TARGET_NAME = testRestoration;
			};
			name = Release;
		};
/* End XCBuildConfiguration section */

/* Begin XCConfigurationList section */
		1ADEAB11246B9DF600BAD3DE /* Build configuration list for PBXProject "testRestoration" */ = {
			isa = XCConfigurationList;
			buildConfigurations = (
				1ADEAB3E246B9DF700BAD3DE /* Debug */,
				1ADEAB3F246B9DF700BAD3DE /* Release */,
			);
			defaultConfigurationIsVisible = 0;
			defaultConfigurationName = Release;
		};
		1ADEAB40246B9DF700BAD3DE /* Build configuration list for PBXNativeTarget "testRestoration" */ = {
			isa = XCConfigurationList;
			buildConfigurations = (
				1ADEAB41246B9DF700BAD3DE /* Debug */,
				1ADEAB42246B9DF700BAD3DE /* Release */,
			);
			defaultConfigurationIsVisible = 0;
			defaultConfigurationName = Release;
		};
		1ADEAB43246B9DF700BAD3DE /* Build configuration list for PBXNativeTarget "testRestorationTests" */ = {
			isa = XCConfigurationList;
			buildConfigurations = (
				1ADEAB44246B9DF700BAD3DE /* Debug */,
				1ADEAB45246B9DF700BAD3DE /* Release */,
			);
			defaultConfigurationIsVisible = 0;
			defaultConfigurationName = Release;
		};
		1ADEAB46246B9DF700BAD3DE /* Build configuration list for PBXNativeTarget "testRestorationUITests" */ = {
			isa = XCConfigurationList;
			buildConfigurations = (
				1ADEAB47246B9DF700BAD3DE /* Debug */,
				1ADEAB48246B9DF700BAD3DE /* Release */,
			);
			defaultConfigurationIsVisible = 0;
			defaultConfigurationName = Release;
		};
/* End XCConfigurationList section */
	};
	rootObject = 1ADEAB0E246B9DF600BAD3DE /* Project object */;
}
